
Microsoft Visual Studio Solution File, Format Version 12.00
# Visual Studio 15
VisualStudioVersion = 15.0.25807.0
MinimumVisualStudioVersion = 10.0.40219.1
Project("{2150E333-8FDC-42A3-9474-1A3956D46DE8}") = "Engine", "Engine", "{A54B61A0-652B-4542-BFC0-BAA51245BC3D}"
EndProject
Project("{2150E333-8FDC-42A3-9474-1A3956D46DE8}") = "Enterprise", "Enterprise", "{0F81D864-CFB5-43C4-B3C8-DB51A44FCD3A}"
EndProject
Project("{2150E333-8FDC-42A3-9474-1A3956D46DE8}") = "Games", "Games", "{5D7FF7B4-D024-4A8F-8BA8-EB5030DE0FF5}"
EndProject
Project("{8BC9CEB8-8B4A-11D0-8D11-00A0C91BC942}") = "UE4", "Intermediate\ProjectFiles\UE4.vcxproj", "{6E141026-7B87-411F-90CB-EB9349E60F6F}"
EndProject
Project("{8BC9CEB8-8B4A-11D0-8D11-00A0C91BC942}") = "Studio", "Intermediate\ProjectFiles\Studio.vcxproj", "{F1D908F8-63C9-47DF-9833-6C470E455279}"
EndProject
Project("{8BC9CEB8-8B4A-11D0-8D11-00A0C91BC942}") = "TimeTravel", "Intermediate\ProjectFiles\TimeTravel.vcxproj", "{8AE57B47-A114-41F7-BC04-537445D056C6}"
EndProject
Global
	GlobalSection(SolutionConfigurationPlatforms) = preSolution
		DebugGame Editor|HTML5 = DebugGame Editor|HTML5
		DebugGame Editor|Win32 = DebugGame Editor|Win32
		DebugGame Editor|Win64 = DebugGame Editor|Win64
		DebugGame|HTML5 = DebugGame|HTML5
		DebugGame|Win32 = DebugGame|Win32
		DebugGame|Win64 = DebugGame|Win64
		Development Editor|HTML5 = Development Editor|HTML5
		Development Editor|Win32 = Development Editor|Win32
		Development Editor|Win64 = Development Editor|Win64
		Development|HTML5 = Development|HTML5
		Development|Win32 = Development|Win32
		Development|Win64 = Development|Win64
		Shipping|HTML5 = Shipping|HTML5
		Shipping|Win32 = Shipping|Win32
		Shipping|Win64 = Shipping|Win64
	EndGlobalSection
	GlobalSection(ProjectConfigurationPlatforms) = postSolution
		{6E141026-7B87-411F-90CB-EB9349E60F6F}.DebugGame Editor|HTML5.ActiveCfg = BuiltWithUnrealBuildTool|Win32
		{6E141026-7B87-411F-90CB-EB9349E60F6F}.DebugGame Editor|HTML5.Build.0 = BuiltWithUnrealBuildTool|Win32
		{6E141026-7B87-411F-90CB-EB9349E60F6F}.DebugGame Editor|Win32.ActiveCfg = BuiltWithUnrealBuildTool|Win32
		{6E141026-7B87-411F-90CB-EB9349E60F6F}.DebugGame Editor|Win32.Build.0 = BuiltWithUnrealBuildTool|Win32
		{6E141026-7B87-411F-90CB-EB9349E60F6F}.DebugGame Editor|Win64.ActiveCfg = BuiltWithUnrealBuildTool|Win32
		{6E141026-7B87-411F-90CB-EB9349E60F6F}.DebugGame Editor|Win64.Build.0 = BuiltWithUnrealBuildTool|Win32
		{6E141026-7B87-411F-90CB-EB9349E60F6F}.DebugGame|HTML5.ActiveCfg = BuiltWithUnrealBuildTool|Win32
		{6E141026-7B87-411F-90CB-EB9349E60F6F}.DebugGame|HTML5.Build.0 = BuiltWithUnrealBuildTool|Win32
		{6E141026-7B87-411F-90CB-EB9349E60F6F}.DebugGame|Win32.ActiveCfg = BuiltWithUnrealBuildTool|Win32
		{6E141026-7B87-411F-90CB-EB9349E60F6F}.DebugGame|Win32.Build.0 = BuiltWithUnrealBuildTool|Win32
		{6E141026-7B87-411F-90CB-EB9349E60F6F}.DebugGame|Win64.ActiveCfg = BuiltWithUnrealBuildTool|Win32
		{6E141026-7B87-411F-90CB-EB9349E60F6F}.DebugGame|Win64.Build.0 = BuiltWithUnrealBuildTool|Win32
		{6E141026-7B87-411F-90CB-EB9349E60F6F}.Development Editor|HTML5.ActiveCfg = BuiltWithUnrealBuildTool|Win32
		{6E141026-7B87-411F-90CB-EB9349E60F6F}.Development Editor|HTML5.Build.0 = BuiltWithUnrealBuildTool|Win32
		{6E141026-7B87-411F-90CB-EB9349E60F6F}.Development Editor|Win32.ActiveCfg = BuiltWithUnrealBuildTool|Win32
		{6E141026-7B87-411F-90CB-EB9349E60F6F}.Development Editor|Win32.Build.0 = BuiltWithUnrealBuildTool|Win32
		{6E141026-7B87-411F-90CB-EB9349E60F6F}.Development Editor|Win64.ActiveCfg = BuiltWithUnrealBuildTool|Win32
		{6E141026-7B87-411F-90CB-EB9349E60F6F}.Development Editor|Win64.Build.0 = BuiltWithUnrealBuildTool|Win32
		{6E141026-7B87-411F-90CB-EB9349E60F6F}.Development|HTML5.ActiveCfg = BuiltWithUnrealBuildTool|Win32
		{6E141026-7B87-411F-90CB-EB9349E60F6F}.Development|HTML5.Build.0 = BuiltWithUnrealBuildTool|Win32
		{6E141026-7B87-411F-90CB-EB9349E60F6F}.Development|Win32.ActiveCfg = BuiltWithUnrealBuildTool|Win32
		{6E141026-7B87-411F-90CB-EB9349E60F6F}.Development|Win32.Build.0 = BuiltWithUnrealBuildTool|Win32
		{6E141026-7B87-411F-90CB-EB9349E60F6F}.Development|Win64.ActiveCfg = BuiltWithUnrealBuildTool|Win32
		{6E141026-7B87-411F-90CB-EB9349E60F6F}.Development|Win64.Build.0 = BuiltWithUnrealBuildTool|Win32
		{6E141026-7B87-411F-90CB-EB9349E60F6F}.Shipping|HTML5.ActiveCfg = BuiltWithUnrealBuildTool|Win32
		{6E141026-7B87-411F-90CB-EB9349E60F6F}.Shipping|HTML5.Build.0 = BuiltWithUnrealBuildTool|Win32
		{6E141026-7B87-411F-90CB-EB9349E60F6F}.Shipping|Win32.ActiveCfg = BuiltWithUnrealBuildTool|Win32
		{6E141026-7B87-411F-90CB-EB9349E60F6F}.Shipping|Win32.Build.0 = BuiltWithUnrealBuildTool|Win32
		{6E141026-7B87-411F-90CB-EB9349E60F6F}.Shipping|Win64.ActiveCfg = BuiltWithUnrealBuildTool|Win32
		{6E141026-7B87-411F-90CB-EB9349E60F6F}.Shipping|Win64.Build.0 = BuiltWithUnrealBuildTool|Win32
		{F1D908F8-63C9-47DF-9833-6C470E455279}.DebugGame Editor|HTML5.ActiveCfg = BuiltWithUnrealBuildTool|Win32
		{F1D908F8-63C9-47DF-9833-6C470E455279}.DebugGame Editor|HTML5.Build.0 = BuiltWithUnrealBuildTool|Win32
		{F1D908F8-63C9-47DF-9833-6C470E455279}.DebugGame Editor|Win32.ActiveCfg = BuiltWithUnrealBuildTool|Win32
		{F1D908F8-63C9-47DF-9833-6C470E455279}.DebugGame Editor|Win32.Build.0 = BuiltWithUnrealBuildTool|Win32
		{F1D908F8-63C9-47DF-9833-6C470E455279}.DebugGame Editor|Win64.ActiveCfg = BuiltWithUnrealBuildTool|Win32
		{F1D908F8-63C9-47DF-9833-6C470E455279}.DebugGame Editor|Win64.Build.0 = BuiltWithUnrealBuildTool|Win32
		{F1D908F8-63C9-47DF-9833-6C470E455279}.DebugGame|HTML5.ActiveCfg = BuiltWithUnrealBuildTool|Win32
		{F1D908F8-63C9-47DF-9833-6C470E455279}.DebugGame|HTML5.Build.0 = BuiltWithUnrealBuildTool|Win32
		{F1D908F8-63C9-47DF-9833-6C470E455279}.DebugGame|Win32.ActiveCfg = BuiltWithUnrealBuildTool|Win32
		{F1D908F8-63C9-47DF-9833-6C470E455279}.DebugGame|Win32.Build.0 = BuiltWithUnrealBuildTool|Win32
		{F1D908F8-63C9-47DF-9833-6C470E455279}.DebugGame|Win64.ActiveCfg = BuiltWithUnrealBuildTool|Win32
		{F1D908F8-63C9-47DF-9833-6C470E455279}.DebugGame|Win64.Build.0 = BuiltWithUnrealBuildTool|Win32
		{F1D908F8-63C9-47DF-9833-6C470E455279}.Development Editor|HTML5.ActiveCfg = BuiltWithUnrealBuildTool|Win32
		{F1D908F8-63C9-47DF-9833-6C470E455279}.Development Editor|HTML5.Build.0 = BuiltWithUnrealBuildTool|Win32
		{F1D908F8-63C9-47DF-9833-6C470E455279}.Development Editor|Win32.ActiveCfg = BuiltWithUnrealBuildTool|Win32
		{F1D908F8-63C9-47DF-9833-6C470E455279}.Development Editor|Win32.Build.0 = BuiltWithUnrealBuildTool|Win32
		{F1D908F8-63C9-47DF-9833-6C470E455279}.Development Editor|Win64.ActiveCfg = BuiltWithUnrealBuildTool|Win32
		{F1D908F8-63C9-47DF-9833-6C470E455279}.Development Editor|Win64.Build.0 = BuiltWithUnrealBuildTool|Win32
		{F1D908F8-63C9-47DF-9833-6C470E455279}.Development|HTML5.ActiveCfg = BuiltWithUnrealBuildTool|Win32
		{F1D908F8-63C9-47DF-9833-6C470E455279}.Development|HTML5.Build.0 = BuiltWithUnrealBuildTool|Win32
		{F1D908F8-63C9-47DF-9833-6C470E455279}.Development|Win32.ActiveCfg = BuiltWithUnrealBuildTool|Win32
		{F1D908F8-63C9-47DF-9833-6C470E455279}.Development|Win32.Build.0 = BuiltWithUnrealBuildTool|Win32
		{F1D908F8-63C9-47DF-9833-6C470E455279}.Development|Win64.ActiveCfg = BuiltWithUnrealBuildTool|Win32
		{F1D908F8-63C9-47DF-9833-6C470E455279}.Development|Win64.Build.0 = BuiltWithUnrealBuildTool|Win32
		{F1D908F8-63C9-47DF-9833-6C470E455279}.Shipping|HTML5.ActiveCfg = BuiltWithUnrealBuildTool|Win32
		{F1D908F8-63C9-47DF-9833-6C470E455279}.Shipping|HTML5.Build.0 = BuiltWithUnrealBuildTool|Win32
		{F1D908F8-63C9-47DF-9833-6C470E455279}.Shipping|Win32.ActiveCfg = BuiltWithUnrealBuildTool|Win32
		{F1D908F8-63C9-47DF-9833-6C470E455279}.Shipping|Win32.Build.0 = BuiltWithUnrealBuildTool|Win32
		{F1D908F8-63C9-47DF-9833-6C470E455279}.Shipping|Win64.ActiveCfg = BuiltWithUnrealBuildTool|Win32
		{F1D908F8-63C9-47DF-9833-6C470E455279}.Shipping|Win64.Build.0 = BuiltWithUnrealBuildTool|Win32
		{8AE57B47-A114-41F7-BC04-537445D056C6}.DebugGame Editor|HTML5.ActiveCfg = HTML5_DebugGame_Editor|Win32
		{8AE57B47-A114-41F7-BC04-537445D056C6}.DebugGame Editor|Win32.ActiveCfg = DebugGame_Editor|Win32
		{8AE57B47-A114-41F7-BC04-537445D056C6}.DebugGame Editor|Win64.ActiveCfg = DebugGame_Editor|x64
		{8AE57B47-A114-41F7-BC04-537445D056C6}.DebugGame Editor|Win64.Build.0 = DebugGame_Editor|x64
		{8AE57B47-A114-41F7-BC04-537445D056C6}.DebugGame|HTML5.ActiveCfg = HTML5_DebugGame_Game|Win32
		{8AE57B47-A114-41F7-BC04-537445D056C6}.DebugGame|HTML5.Build.0 = HTML5_DebugGame_Game|Win32
		{8AE57B47-A114-41F7-BC04-537445D056C6}.DebugGame|Win32.ActiveCfg = DebugGame_Game|Win32
		{8AE57B47-A114-41F7-BC04-537445D056C6}.DebugGame|Win32.Build.0 = DebugGame_Game|Win32
		{8AE57B47-A114-41F7-BC04-537445D056C6}.DebugGame|Win64.ActiveCfg = DebugGame_Game|x64
		{8AE57B47-A114-41F7-BC04-537445D056C6}.DebugGame|Win64.Build.0 = DebugGame_Game|x64
		{8AE57B47-A114-41F7-BC04-537445D056C6}.Development Editor|HTML5.ActiveCfg = HTML5_Development_Editor|Win32
		{8AE57B47-A114-41F7-BC04-537445D056C6}.Development Editor|Win32.ActiveCfg = Development_Editor|Win32
		{8AE57B47-A114-41F7-BC04-537445D056C6}.Development Editor|Win64.ActiveCfg = Development_Editor|x64
		{8AE57B47-A114-41F7-BC04-537445D056C6}.Development Editor|Win64.Build.0 = Development_Editor|x64
		{8AE57B47-A114-41F7-BC04-537445D056C6}.Development|HTML5.ActiveCfg = HTML5_Development_Game|Win32
		{8AE57B47-A114-41F7-BC04-537445D056C6}.Development|HTML5.Build.0 = HTML5_Development_Game|Win32
		{8AE57B47-A114-41F7-BC04-537445D056C6}.Development|Win32.ActiveCfg = Development_Game|Win32
		{8AE57B47-A114-41F7-BC04-537445D056C6}.Development|Win32.Build.0 = Development_Game|Win32
		{8AE57B47-A114-41F7-BC04-537445D056C6}.Development|Win64.ActiveCfg = Development_Game|x64
		{8AE57B47-A114-41F7-BC04-537445D056C6}.Development|Win64.Build.0 = Development_Game|x64
		{8AE57B47-A114-41F7-BC04-537445D056C6}.Shipping|HTML5.ActiveCfg = HTML5_Shipping_Game|Win32
		{8AE57B47-A114-41F7-BC04-537445D056C6}.Shipping|HTML5.Build.0 = HTML5_Shipping_Game|Win32
		{8AE57B47-A114-41F7-BC04-537445D056C6}.Shipping|Win32.ActiveCfg = Shipping_Game|Win32
		{8AE57B47-A114-41F7-BC04-537445D056C6}.Shipping|Win32.Build.0 = Shipping_Game|Win32
		{8AE57B47-A114-41F7-BC04-537445D056C6}.Shipping|Win64.ActiveCfg = Shipping_Game|x64
		{8AE57B47-A114-41F7-BC04-537445D056C6}.Shipping|Win64.Build.0 = Shipping_Game|x64
	EndGlobalSection
	GlobalSection(SolutionProperties) = preSolution
		HideSolutionNode = FALSE
	EndGlobalSection
	GlobalSection(NestedProjects) = preSolution
		{6E141026-7B87-411F-90CB-EB9349E60F6F} = {A54B61A0-652B-4542-BFC0-BAA51245BC3D}
		{F1D908F8-63C9-47DF-9833-6C470E455279} = {0F81D864-CFB5-43C4-B3C8-DB51A44FCD3A}
		{8AE57B47-A114-41F7-BC04-537445D056C6} = {5D7FF7B4-D024-4A8F-8BA8-EB5030DE0FF5}
	EndGlobalSection
	GlobalSection(ExtensibilityGlobals) = postSolution
		SolutionGuid = {340A4E78-C9AB-406A-9C9A-E26F4B5031B0}
	EndGlobalSection
EndGlobal
